<?xml version="1.0" encoding="utf-8"?>
<Project ToolsVersion="4.0" xmlns="http://schemas.microsoft.com/developer/msbuild/2003">
  <ItemGroup>
    <ClCompile Include="main.cpp" />
    <ClCompile Include="Window.cpp" />
    <ClCompile Include="CommandQueue.cpp" />
    <ClCompile Include="HighResolutionClock.cpp" />
    <ClCompile Include="Application.cpp" />
    <ClCompile Include="pch.cpp" />
    <ClCompile Include="Game.cpp" />
    <ClCompile Include="CubeDemo.cpp" />
    <ClCompile Include="MatrixHelper.cpp">
      <Filter>Utility</Filter>
    </ClCompile>
    <ClCompile Include="VectorHelper.cpp">
      <Filter>Utility</Filter>
    </ClCompile>
    <ClCompile Include="Camera.cpp">
      <Filter>Utility</Filter>
    </ClCompile>
    <ClCompile Include="FirstPersonCamera.cpp">
      <Filter>Utility</Filter>
    </ClCompile>
    <ClCompile Include="PerspectiveCamera.cpp">
      <Filter>Utility</Filter>
    </ClCompile>
    <ClCompile Include="UploadBuffer.cpp">
      <Filter>Utility</Filter>
    </ClCompile>
    <ClCompile Include="DescriptorAllocator.cpp">
      <Filter>Utility</Filter>
    </ClCompile>
    <ClCompile Include="nv_helpers_dx12\BottomLevelASGenerator.cpp">
      <Filter>Utility</Filter>
    </ClCompile>
    <ClCompile Include="nv_helpers_dx12\RaytracingPipelineGenerator.cpp">
      <Filter>Utility</Filter>
    </ClCompile>
    <ClCompile Include="nv_helpers_dx12\RootSignatureGenerator.cpp">
      <Filter>Utility</Filter>
    </ClCompile>
    <ClCompile Include="nv_helpers_dx12\ShaderBindingTableGenerator.cpp">
      <Filter>Utility</Filter>
    </ClCompile>
    <ClCompile Include="nv_helpers_dx12\TopLevelASGenerator.cpp">
      <Filter>Utility</Filter>
    </ClCompile>
  </ItemGroup>
  <ItemGroup>
    <ClInclude Include="Helpers.h" />
    <ClInclude Include="Window.h" />
    <ClInclude Include="Application.h" />
    <ClInclude Include="CommandQueue.h" />
    <ClInclude Include="pch.h" />
    <ClInclude Include="Game.h" />
    <ClInclude Include="Events.h" />
    <ClInclude Include="KeyCodes.h" />
    <ClInclude Include="HighResolutionClock.h" />
    <ClInclude Include="resource.h" />
    <ClInclude Include="CubeDemo.h" />
    <ClInclude Include="Camera.h">
      <Filter>Utility</Filter>
    </ClInclude>
    <ClInclude Include="MatrixHelper.h">
      <Filter>Utility</Filter>
    </ClInclude>
    <ClInclude Include="VectorHelper.h">
      <Filter>Utility</Filter>
    </ClInclude>
    <ClInclude Include="PerspectiveCamera.h">
      <Filter>Utility</Filter>
    </ClInclude>
    <ClInclude Include="FirstPersonCamera.h">
      <Filter>Utility</Filter>
    </ClInclude>
    <ClInclude Include="UploadBuffer.h">
      <Filter>Utility</Filter>
    </ClInclude>
    <ClInclude Include="Defines.h">
      <Filter>Utility</Filter>
    </ClInclude>
    <ClInclude Include="DescriptorAllocator.h">
      <Filter>Utility</Filter>
    </ClInclude>
    <ClInclude Include="DescriptorAllocatorPage.h">
      <Filter>Utility</Filter>
    </ClInclude>
    <ClInclude Include="DXRHelper.h">
      <Filter>Utility</Filter>
    </ClInclude>
    <ClInclude Include="DXSampleHelper.h">
      <Filter>Utility</Filter>
    </ClInclude>
    <ClInclude Include="nv_helpers_dx12\BottomLevelASGenerator.h">
      <Filter>Utility</Filter>
    </ClInclude>
    <ClInclude Include="nv_helpers_dx12\RaytracingPipelineGenerator.h">
      <Filter>Utility</Filter>
    </ClInclude>
    <ClInclude Include="nv_helpers_dx12\RootSignatureGenerator.h">
      <Filter>Utility</Filter>
    </ClInclude>
    <ClInclude Include="nv_helpers_dx12\ShaderBindingTableGenerator.h">
      <Filter>Utility</Filter>
    </ClInclude>
    <ClInclude Include="nv_helpers_dx12\TopLevelASGenerator.h">
      <Filter>Utility</Filter>
    </ClInclude>
  </ItemGroup>
  <ItemGroup>
    <Filter Include="Shaders">
      <UniqueIdentifier>{8d85c240-629b-4219-a527-c8f1973d4d47}</UniqueIdentifier>
    </Filter>
    <Filter Include="Utility">
      <UniqueIdentifier>{a63fa1cb-3cfc-4672-a0b3-5d80f3512d65}</UniqueIdentifier>
    </Filter>
  </ItemGroup>
  <ItemGroup>
    <FxCompile Include="VertexShader.hlsl">
      <Filter>Shaders</Filter>
    </FxCompile>
    <FxCompile Include="PixelShader.hlsl">
      <Filter>Shaders</Filter>
    </FxCompile>
  </ItemGroup>
  <ItemGroup>
    <None Include="VectorHelper.inl">
      <Filter>Utility</Filter>
    </None>
    <None Include="dxcompiler.dll">
      <Filter>Shaders</Filter>
    </None>
    <None Include="dxil.dll">
      <Filter>Shaders</Filter>
    </None>
  </ItemGroup>
  <ItemGroup>
    <CopyFileToFolders Include="Common.hlsl">
      <Filter>Shaders</Filter>
    </CopyFileToFolders>
    <CopyFileToFolders Include="Hit.hlsl">
      <Filter>Shaders</Filter>
    </CopyFileToFolders>
    <CopyFileToFolders Include="Miss.hlsl">
      <Filter>Shaders</Filter>
    </CopyFileToFolders>
    <CopyFileToFolders Include="RayGen.hlsl">
      <Filter>Shaders</Filter>
    </CopyFileToFolders>
  </ItemGroup>
</Project>